
Microsoft Visual Studio Solution File, Format Version 12.00
# Visual Studio 14
VisualStudioVersion = 14.0.24720.0
MinimumVisualStudioVersion = 10.0.40219.1
Project("{8BB2217D-0F2D-49D1-97BC-3654ED321F3B}") = "UCDArch.Core", "UCDArch.Core\UCDArch.Core.xproj", "{D1BA709C-EAB7-47DC-946E-125FBD45E0D5}"
EndProject
Project("{8BB2217D-0F2D-49D1-97BC-3654ED321F3B}") = "UCDArch.Data", "UCDArch.Data\UCDArch.Data.xproj", "{22F18AB2-E6FE-4229-9B1C-BE2E1B0192E5}"
EndProject
Project("{8BB2217D-0F2D-49D1-97BC-3654ED321F3B}") = "UCDArch.Web", "UCDArch.Web\UCDArch.Web.xproj", "{9B29703A-3F42-4B60-BBB8-3BAC4612C15E}"
EndProject
Project("{8BB2217D-0F2D-49D1-97BC-3654ED321F3B}") = "UCDArch.Core.DataAnnotationsValidator", "UCDArch.Core.DataAnnotationsValidator\UCDArch.Core.DataAnnotationsValidator.xproj", "{2375EEB6-CC3B-40C2-9A04-68629F14F443}"
EndProject
Project("{8BB2217D-0F2D-49D1-97BC-3654ED321F3B}") = "UCDArch.Web.Providers", "UCDArch.Web.Providers\UCDArch.Web.Providers.xproj", "{F43AA0A1-E25C-4010-9C2B-EC10166E0ACC}"
EndProject
Global
	GlobalSection(SolutionConfigurationPlatforms) = preSolution
		Debug|Any CPU = Debug|Any CPU
		Release|Any CPU = Release|Any CPU
	EndGlobalSection
	GlobalSection(ProjectConfigurationPlatforms) = postSolution
		{D1BA709C-EAB7-47DC-946E-125FBD45E0D5}.Debug|Any CPU.ActiveCfg = Debug|Any CPU
		{D1BA709C-EAB7-47DC-946E-125FBD45E0D5}.Debug|Any CPU.Build.0 = Debug|Any CPU
		{D1BA709C-EAB7-47DC-946E-125FBD45E0D5}.Release|Any CPU.ActiveCfg = Release|Any CPU
		{D1BA709C-EAB7-47DC-946E-125FBD45E0D5}.Release|Any CPU.Build.0 = Release|Any CPU
		{22F18AB2-E6FE-4229-9B1C-BE2E1B0192E5}.Debug|Any CPU.ActiveCfg = Debug|Any CPU
		{22F18AB2-E6FE-4229-9B1C-BE2E1B0192E5}.Debug|Any CPU.Build.0 = Debug|Any CPU
		{22F18AB2-E6FE-4229-9B1C-BE2E1B0192E5}.Release|Any CPU.ActiveCfg = Release|Any CPU
		{22F18AB2-E6FE-4229-9B1C-BE2E1B0192E5}.Release|Any CPU.Build.0 = Release|Any CPU
		{9B29703A-3F42-4B60-BBB8-3BAC4612C15E}.Debug|Any CPU.ActiveCfg = Debug|Any CPU
		{9B29703A-3F42-4B60-BBB8-3BAC4612C15E}.Debug|Any CPU.Build.0 = Debug|Any CPU
		{9B29703A-3F42-4B60-BBB8-3BAC4612C15E}.Release|Any CPU.ActiveCfg = Release|Any CPU
		{9B29703A-3F42-4B60-BBB8-3BAC4612C15E}.Release|Any CPU.Build.0 = Release|Any CPU
		{2375EEB6-CC3B-40C2-9A04-68629F14F443}.Debug|Any CPU.ActiveCfg = Debug|Any CPU
		{2375EEB6-CC3B-40C2-9A04-68629F14F443}.Debug|Any CPU.Build.0 = Debug|Any CPU
		{2375EEB6-CC3B-40C2-9A04-68629F14F443}.Release|Any CPU.ActiveCfg = Release|Any CPU
		{2375EEB6-CC3B-40C2-9A04-68629F14F443}.Release|Any CPU.Build.0 = Release|Any CPU
		{F43AA0A1-E25C-4010-9C2B-EC10166E0ACC}.Debug|Any CPU.ActiveCfg = Debug|Any CPU
		{F43AA0A1-E25C-4010-9C2B-EC10166E0ACC}.Debug|Any CPU.Build.0 = Debug|Any CPU
		{F43AA0A1-E25C-4010-9C2B-EC10166E0ACC}.Release|Any CPU.ActiveCfg = Release|Any CPU
		{F43AA0A1-E25C-4010-9C2B-EC10166E0ACC}.Release|Any CPU.Build.0 = Release|Any CPU
	EndGlobalSection
	GlobalSection(SolutionProperties) = preSolution
		HideSolutionNode = FALSE
	EndGlobalSection
EndGlobal
